// !$*UTF8*$!
{
	archiveVersion = 1;
	classes = {
	};
	objectVersion = 46;
	objects = {

/* Begin PBXBuildFile section */
		0091D8F90E81B9330029341E /* OpenGL.framework in Frameworks */ = {isa = PBXBuildFile; fileRef = 0091D8F80E81B9330029341E /* OpenGL.framework */; };
		00B784B30FF439BC000DE1D7 /* Accelerate.framework in Frameworks */ = {isa = PBXBuildFile; fileRef = 00B784AF0FF439BC000DE1D7 /* Accelerate.framework */; };
		00B784B40FF439BC000DE1D7 /* AudioToolbox.framework in Frameworks */ = {isa = PBXBuildFile; fileRef = 00B784B00FF439BC000DE1D7 /* AudioToolbox.framework */; };
		00B784B50FF439BC000DE1D7 /* AudioUnit.framework in Frameworks */ = {isa = PBXBuildFile; fileRef = 00B784B10FF439BC000DE1D7 /* AudioUnit.framework */; };
		00B784B60FF439BC000DE1D7 /* CoreAudio.framework in Frameworks */ = {isa = PBXBuildFile; fileRef = 00B784B20FF439BC000DE1D7 /* CoreAudio.framework */; };
		4F99CC6E197824E600D9DE23 /* GBuffer.cpp in Sources */ = {isa = PBXBuildFile; fileRef = 4F99CC6C197824E600D9DE23 /* GBuffer.cpp */; };
		4FF2F67419785F550052D8E5 /* debug.frag in Resources */ = {isa = PBXBuildFile; fileRef = 4FF2F66D19785F550052D8E5 /* debug.frag */; };
		4FF2F67519785F550052D8E5 /* debug.vert in Resources */ = {isa = PBXBuildFile; fileRef = 4FF2F66E19785F550052D8E5 /* debug.vert */; };
		4FF2F67619785F550052D8E5 /* gLightPass.frag in Resources */ = {isa = PBXBuildFile; fileRef = 4FF2F66F19785F550052D8E5 /* gLightPass.frag */; };
		4FF2F67719785F550052D8E5 /* gLightPass.vert in Resources */ = {isa = PBXBuildFile; fileRef = 4FF2F67019785F550052D8E5 /* gLightPass.vert */; };
		4FF2F67819785F550052D8E5 /* gPass.frag in Resources */ = {isa = PBXBuildFile; fileRef = 4FF2F67119785F550052D8E5 /* gPass.frag */; };
		4FF2F67919785F550052D8E5 /* gPass.vert in Resources */ = {isa = PBXBuildFile; fileRef = 4FF2F67219785F550052D8E5 /* gPass.vert */; };
		4FF2F67A19785F550052D8E5 /* rock.png in Resources */ = {isa = PBXBuildFile; fileRef = 4FF2F67319785F550052D8E5 /* rock.png */; };
		4FF2F67D197986F70052D8E5 /* rock_NRM.png in Resources */ = {isa = PBXBuildFile; fileRef = 4FF2F67B197986F70052D8E5 /* rock_NRM.png */; };
		4FF2F67E197986F70052D8E5 /* rock_SPEC.png in Resources */ = {isa = PBXBuildFile; fileRef = 4FF2F67C197986F70052D8E5 /* rock_SPEC.png */; };
		4FF2F68219798C500052D8E5 /* foil_DIFF.jpg in Resources */ = {isa = PBXBuildFile; fileRef = 4FF2F67F19798C500052D8E5 /* foil_DIFF.jpg */; };
		4FF2F68319798C500052D8E5 /* foil_NRM.png in Resources */ = {isa = PBXBuildFile; fileRef = 4FF2F68019798C500052D8E5 /* foil_NRM.png */; };
		4FF2F68419798C500052D8E5 /* foil_SPEC.png in Resources */ = {isa = PBXBuildFile; fileRef = 4FF2F68119798C500052D8E5 /* foil_SPEC.png */; };
		5323E6B20EAFCA74003A9687 /* CoreVideo.framework in Frameworks */ = {isa = PBXBuildFile; fileRef = 5323E6B10EAFCA74003A9687 /* CoreVideo.framework */; };
		5323E6B60EAFCA7E003A9687 /* QTKit.framework in Frameworks */ = {isa = PBXBuildFile; fileRef = 5323E6B50EAFCA7E003A9687 /* QTKit.framework */; };
		55FE9BCD2A744ED2AEA427D2 /* Deffered_GBufferApp.cpp in Sources */ = {isa = PBXBuildFile; fileRef = 78F1FF548AFA479D94CAF74F /* Deffered_GBufferApp.cpp */; };
		6260775DAB414DAAAB220074 /* CinderApp.icns in Resources */ = {isa = PBXBuildFile; fileRef = 1D8854533AD74B129B049FFD /* CinderApp.icns */; };
		8D11072F0486CEB800E47090 /* Cocoa.framework in Frameworks */ = {isa = PBXBuildFile; fileRef = 1058C7A1FEA54F0111CA2CBB /* Cocoa.framework */; };
/* End PBXBuildFile section */

/* Begin PBXFileReference section */
		0091D8F80E81B9330029341E /* OpenGL.framework */ = {isa = PBXFileReference; lastKnownFileType = wrapper.framework; name = OpenGL.framework; path = /System/Library/Frameworks/OpenGL.framework; sourceTree = "<absolute>"; };
		00B784AF0FF439BC000DE1D7 /* Accelerate.framework */ = {isa = PBXFileReference; lastKnownFileType = wrapper.framework; name = Accelerate.framework; path = System/Library/Frameworks/Accelerate.framework; sourceTree = SDKROOT; };
		00B784B00FF439BC000DE1D7 /* AudioToolbox.framework */ = {isa = PBXFileReference; lastKnownFileType = wrapper.framework; name = AudioToolbox.framework; path = System/Library/Frameworks/AudioToolbox.framework; sourceTree = SDKROOT; };
		00B784B10FF439BC000DE1D7 /* AudioUnit.framework */ = {isa = PBXFileReference; lastKnownFileType = wrapper.framework; name = AudioUnit.framework; path = System/Library/Frameworks/AudioUnit.framework; sourceTree = SDKROOT; };
		00B784B20FF439BC000DE1D7 /* CoreAudio.framework */ = {isa = PBXFileReference; lastKnownFileType = wrapper.framework; name = CoreAudio.framework; path = System/Library/Frameworks/CoreAudio.framework; sourceTree = SDKROOT; };
		1058C7A1FEA54F0111CA2CBB /* Cocoa.framework */ = {isa = PBXFileReference; lastKnownFileType = wrapper.framework; name = Cocoa.framework; path = /System/Library/Frameworks/Cocoa.framework; sourceTree = "<absolute>"; };
		1D8854533AD74B129B049FFD /* CinderApp.icns */ = {isa = PBXFileReference; lastKnownFileType = image.icns; name = CinderApp.icns; path = ../resources/CinderApp.icns; sourceTree = "<group>"; };
		2679A4C6F822453FAD85062C /* Deffered_GBuffer_Prefix.pch */ = {isa = PBXFileReference; lastKnownFileType = "\"\""; path = Deffered_GBuffer_Prefix.pch; sourceTree = "<group>"; };
		29B97324FDCFA39411CA2CEA /* AppKit.framework */ = {isa = PBXFileReference; lastKnownFileType = wrapper.framework; name = AppKit.framework; path = /System/Library/Frameworks/AppKit.framework; sourceTree = "<absolute>"; };
		29B97325FDCFA39411CA2CEA /* Foundation.framework */ = {isa = PBXFileReference; lastKnownFileType = wrapper.framework; name = Foundation.framework; path = /System/Library/Frameworks/Foundation.framework; sourceTree = "<absolute>"; };
		33CDCF77EDA74C29B34C0DDB /* Info.plist */ = {isa = PBXFileReference; lastKnownFileType = text.plist.xml; path = Info.plist; sourceTree = "<group>"; };
		4F99CC6C197824E600D9DE23 /* GBuffer.cpp */ = {isa = PBXFileReference; fileEncoding = 4; lastKnownFileType = sourcecode.cpp.cpp; path = GBuffer.cpp; sourceTree = "<group>"; };
		4F99CC6D197824E600D9DE23 /* GBuffer.h */ = {isa = PBXFileReference; fileEncoding = 4; lastKnownFileType = sourcecode.c.h; path = GBuffer.h; sourceTree = "<group>"; };
		4FF2F66D19785F550052D8E5 /* debug.frag */ = {isa = PBXFileReference; fileEncoding = 4; lastKnownFileType = sourcecode.glsl; name = debug.frag; path = ../resources/debug.frag; sourceTree = "<group>"; };
		4FF2F66E19785F550052D8E5 /* debug.vert */ = {isa = PBXFileReference; fileEncoding = 4; lastKnownFileType = sourcecode.glsl; name = debug.vert; path = ../resources/debug.vert; sourceTree = "<group>"; };
		4FF2F66F19785F550052D8E5 /* gLightPass.frag */ = {isa = PBXFileReference; fileEncoding = 4; lastKnownFileType = sourcecode.glsl; name = gLightPass.frag; path = ../resources/gLightPass.frag; sourceTree = "<group>"; };
		4FF2F67019785F550052D8E5 /* gLightPass.vert */ = {isa = PBXFileReference; fileEncoding = 4; lastKnownFileType = sourcecode.glsl; name = gLightPass.vert; path = ../resources/gLightPass.vert; sourceTree = "<group>"; };
		4FF2F67119785F550052D8E5 /* gPass.frag */ = {isa = PBXFileReference; fileEncoding = 4; lastKnownFileType = sourcecode.glsl; name = gPass.frag; path = ../resources/gPass.frag; sourceTree = "<group>"; };
		4FF2F67219785F550052D8E5 /* gPass.vert */ = {isa = PBXFileReference; fileEncoding = 4; lastKnownFileType = sourcecode.glsl; name = gPass.vert; path = ../resources/gPass.vert; sourceTree = "<group>"; };
		4FF2F67319785F550052D8E5 /* rock.png */ = {isa = PBXFileReference; lastKnownFileType = image.png; name = rock.png; path = ../resources/rock.png; sourceTree = "<group>"; };
		4FF2F67B197986F70052D8E5 /* rock_NRM.png */ = {isa = PBXFileReference; lastKnownFileType = image.png; name = rock_NRM.png; path = ../resources/rock_NRM.png; sourceTree = "<group>"; };
		4FF2F67C197986F70052D8E5 /* rock_SPEC.png */ = {isa = PBXFileReference; lastKnownFileType = image.png; name = rock_SPEC.png; path = ../resources/rock_SPEC.png; sourceTree = "<group>"; };
		4FF2F67F19798C500052D8E5 /* foil_DIFF.jpg */ = {isa = PBXFileReference; lastKnownFileType = image.jpeg; name = foil_DIFF.jpg; path = ../resources/foil_DIFF.jpg; sourceTree = "<group>"; };
		4FF2F68019798C500052D8E5 /* foil_NRM.png */ = {isa = PBXFileReference; lastKnownFileType = image.png; name = foil_NRM.png; path = ../resources/foil_NRM.png; sourceTree = "<group>"; };
		4FF2F68119798C500052D8E5 /* foil_SPEC.png */ = {isa = PBXFileReference; lastKnownFileType = image.png; name = foil_SPEC.png; path = ../resources/foil_SPEC.png; sourceTree = "<group>"; };
		5323E6B10EAFCA74003A9687 /* CoreVideo.framework */ = {isa = PBXFileReference; lastKnownFileType = wrapper.framework; name = CoreVideo.framework; path = /System/Library/Frameworks/CoreVideo.framework; sourceTree = "<absolute>"; };
		5323E6B50EAFCA7E003A9687 /* QTKit.framework */ = {isa = PBXFileReference; lastKnownFileType = wrapper.framework; name = QTKit.framework; path = /System/Library/Frameworks/QTKit.framework; sourceTree = "<absolute>"; };
		78F1FF548AFA479D94CAF74F /* Deffered_GBufferApp.cpp */ = {isa = PBXFileReference; lastKnownFileType = sourcecode.c.cpp; name = Deffered_GBufferApp.cpp; path = ../src/Deffered_GBufferApp.cpp; sourceTree = "<group>"; };
		7F0FF117F98A4C7586838C9B /* Resources.h */ = {isa = PBXFileReference; lastKnownFileType = sourcecode.c.h; name = Resources.h; path = ../include/Resources.h; sourceTree = "<group>"; };
		8D1107320486CEB800E47090 /* Deffered_GBuffer.app */ = {isa = PBXFileReference; explicitFileType = wrapper.application; includeInIndex = 0; path = Deffered_GBuffer.app; sourceTree = BUILT_PRODUCTS_DIR; };
/* End PBXFileReference section */

/* Begin PBXFrameworksBuildPhase section */
		8D11072E0486CEB800E47090 /* Frameworks */ = {
			isa = PBXFrameworksBuildPhase;
			buildActionMask = 2147483647;
			files = (
				8D11072F0486CEB800E47090 /* Cocoa.framework in Frameworks */,
				0091D8F90E81B9330029341E /* OpenGL.framework in Frameworks */,
				5323E6B20EAFCA74003A9687 /* CoreVideo.framework in Frameworks */,
				5323E6B60EAFCA7E003A9687 /* QTKit.framework in Frameworks */,
				00B784B30FF439BC000DE1D7 /* Accelerate.framework in Frameworks */,
				00B784B40FF439BC000DE1D7 /* AudioToolbox.framework in Frameworks */,
				00B784B50FF439BC000DE1D7 /* AudioUnit.framework in Frameworks */,
				00B784B60FF439BC000DE1D7 /* CoreAudio.framework in Frameworks */,
			);
			runOnlyForDeploymentPostprocessing = 0;
		};
/* End PBXFrameworksBuildPhase section */

/* Begin PBXGroup section */
		01B97315FEAEA392516A2CEA /* Blocks */ = {
			isa = PBXGroup;
			children = (
			);
			name = Blocks;
			sourceTree = "<group>";
		};
		080E96DDFE201D6D7F000001 /* Source */ = {
			isa = PBXGroup;
			children = (
				78F1FF548AFA479D94CAF74F /* Deffered_GBufferApp.cpp */,
				4F99CC6C197824E600D9DE23 /* GBuffer.cpp */,
				4F99CC6D197824E600D9DE23 /* GBuffer.h */,
			);
			name = Source;
			sourceTree = "<group>";
		};
		1058C7A0FEA54F0111CA2CBB /* Linked Frameworks */ = {
			isa = PBXGroup;
			children = (
				00B784AF0FF439BC000DE1D7 /* Accelerate.framework */,
				00B784B00FF439BC000DE1D7 /* AudioToolbox.framework */,
				00B784B10FF439BC000DE1D7 /* AudioUnit.framework */,
				00B784B20FF439BC000DE1D7 /* CoreAudio.framework */,
				5323E6B50EAFCA7E003A9687 /* QTKit.framework */,
				5323E6B10EAFCA74003A9687 /* CoreVideo.framework */,
				0091D8F80E81B9330029341E /* OpenGL.framework */,
				1058C7A1FEA54F0111CA2CBB /* Cocoa.framework */,
			);
			name = "Linked Frameworks";
			sourceTree = "<group>";
		};
		1058C7A2FEA54F0111CA2CBB /* Other Frameworks */ = {
			isa = PBXGroup;
			children = (
				29B97324FDCFA39411CA2CEA /* AppKit.framework */,
				29B97325FDCFA39411CA2CEA /* Foundation.framework */,
			);
			name = "Other Frameworks";
			sourceTree = "<group>";
		};
		19C28FACFE9D520D11CA2CBB /* Products */ = {
			isa = PBXGroup;
			children = (
				8D1107320486CEB800E47090 /* Deffered_GBuffer.app */,
			);
			name = Products;
			sourceTree = "<group>";
		};
		29B97314FDCFA39411CA2CEA /* Deffered_GBuffer */ = {
			isa = PBXGroup;
			children = (
				01B97315FEAEA392516A2CEA /* Blocks */,
				29B97315FDCFA39411CA2CEA /* Headers */,
				080E96DDFE201D6D7F000001 /* Source */,
				29B97317FDCFA39411CA2CEA /* Resources */,
				29B97323FDCFA39411CA2CEA /* Frameworks */,
				19C28FACFE9D520D11CA2CBB /* Products */,
			);
			name = Deffered_GBuffer;
			sourceTree = "<group>";
		};
		29B97315FDCFA39411CA2CEA /* Headers */ = {
			isa = PBXGroup;
			children = (
				7F0FF117F98A4C7586838C9B /* Resources.h */,
				2679A4C6F822453FAD85062C /* Deffered_GBuffer_Prefix.pch */,
			);
			name = Headers;
			sourceTree = "<group>";
		};
		29B97317FDCFA39411CA2CEA /* Resources */ = {
			isa = PBXGroup;
			children = (
				4FF2F67F19798C500052D8E5 /* foil_DIFF.jpg */,
				4FF2F68019798C500052D8E5 /* foil_NRM.png */,
				4FF2F68119798C500052D8E5 /* foil_SPEC.png */,
				4FF2F67B197986F70052D8E5 /* rock_NRM.png */,
				4FF2F67C197986F70052D8E5 /* rock_SPEC.png */,
				4FF2F66D19785F550052D8E5 /* debug.frag */,
				4FF2F66E19785F550052D8E5 /* debug.vert */,
				4FF2F66F19785F550052D8E5 /* gLightPass.frag */,
				4FF2F67019785F550052D8E5 /* gLightPass.vert */,
				4FF2F67119785F550052D8E5 /* gPass.frag */,
				4FF2F67219785F550052D8E5 /* gPass.vert */,
				4FF2F67319785F550052D8E5 /* rock.png */,
				1D8854533AD74B129B049FFD /* CinderApp.icns */,
				33CDCF77EDA74C29B34C0DDB /* Info.plist */,
			);
			name = Resources;
			sourceTree = "<group>";
		};
		29B97323FDCFA39411CA2CEA /* Frameworks */ = {
			isa = PBXGroup;
			children = (
				1058C7A0FEA54F0111CA2CBB /* Linked Frameworks */,
				1058C7A2FEA54F0111CA2CBB /* Other Frameworks */,
			);
			name = Frameworks;
			sourceTree = "<group>";
		};
/* End PBXGroup section */

/* Begin PBXNativeTarget section */
		8D1107260486CEB800E47090 /* Deffered_GBuffer */ = {
			isa = PBXNativeTarget;
			buildConfigurationList = C01FCF4A08A954540054247B /* Build configuration list for PBXNativeTarget "Deffered_GBuffer" */;
			buildPhases = (
				8D1107290486CEB800E47090 /* Resources */,
				8D11072C0486CEB800E47090 /* Sources */,
				8D11072E0486CEB800E47090 /* Frameworks */,
			);
			buildRules = (
			);
			dependencies = (
			);
			name = Deffered_GBuffer;
			productInstallPath = "$(HOME)/Applications";
			productName = Deffered_GBuffer;
			productReference = 8D1107320486CEB800E47090 /* Deffered_GBuffer.app */;
			productType = "com.apple.product-type.application";
		};
/* End PBXNativeTarget section */

/* Begin PBXProject section */
		29B97313FDCFA39411CA2CEA /* Project object */ = {
			isa = PBXProject;
			attributes = {
			};
			buildConfigurationList = C01FCF4E08A954540054247B /* Build configuration list for PBXProject "Deffered_GBuffer" */;
			compatibilityVersion = "Xcode 3.2";
			developmentRegion = English;
			hasScannedForEncodings = 1;
			knownRegions = (
				English,
				Japanese,
				French,
				German,
			);
			mainGroup = 29B97314FDCFA39411CA2CEA /* Deffered_GBuffer */;
			projectDirPath = "";
			projectRoot = "";
			targets = (
				8D1107260486CEB800E47090 /* Deffered_GBuffer */,
			);
		};
/* End PBXProject section */

/* Begin PBXResourcesBuildPhase section */
		8D1107290486CEB800E47090 /* Resources */ = {
			isa = PBXResourcesBuildPhase;
			buildActionMask = 2147483647;
			files = (
				4FF2F67819785F550052D8E5 /* gPass.frag in Resources */,
				4FF2F67919785F550052D8E5 /* gPass.vert in Resources */,
				4FF2F68219798C500052D8E5 /* foil_DIFF.jpg in Resources */,
				4FF2F68419798C500052D8E5 /* foil_SPEC.png in Resources */,
				4FF2F67A19785F550052D8E5 /* rock.png in Resources */,
				4FF2F67E197986F70052D8E5 /* rock_SPEC.png in Resources */,
				4FF2F67D197986F70052D8E5 /* rock_NRM.png in Resources */,
				4FF2F67519785F550052D8E5 /* debug.vert in Resources */,
				6260775DAB414DAAAB220074 /* CinderApp.icns in Resources */,
				4FF2F67419785F550052D8E5 /* debug.frag in Resources */,
				4FF2F68319798C500052D8E5 /* foil_NRM.png in Resources */,
				4FF2F67719785F550052D8E5 /* gLightPass.vert in Resources */,
				4FF2F67619785F550052D8E5 /* gLightPass.frag in Resources */,
			);
			runOnlyForDeploymentPostprocessing = 0;
		};
/* End PBXResourcesBuildPhase section */

/* Begin PBXSourcesBuildPhase section */
		8D11072C0486CEB800E47090 /* Sources */ = {
			isa = PBXSourcesBuildPhase;
			buildActionMask = 2147483647;
			files = (
				55FE9BCD2A744ED2AEA427D2 /* Deffered_GBufferApp.cpp in Sources */,
				4F99CC6E197824E600D9DE23 /* GBuffer.cpp in Sources */,
			);
			runOnlyForDeploymentPostprocessing = 0;
		};
/* End PBXSourcesBuildPhase section */

/* Begin XCBuildConfiguration section */
		C01FCF4B08A954540054247B /* Debug */ = {
			isa = XCBuildConfiguration;
			buildSettings = {
				COMBINE_HIDPI_IMAGES = YES;
				COPY_PHASE_STRIP = NO;
				DEAD_CODE_STRIPPING = YES;
				GCC_DYNAMIC_NO_PIC = NO;
				GCC_INLINES_ARE_PRIVATE_EXTERN = YES;
				GCC_OPTIMIZATION_LEVEL = 0;
				GCC_PRECOMPILE_PREFIX_HEADER = YES;
				GCC_PREFIX_HEADER = Deffered_GBuffer_Prefix.pch;
				GCC_PREPROCESSOR_DEFINITIONS = (
					"DEBUG=1",
					"$(inherited)",
				);
				GCC_SYMBOLS_PRIVATE_EXTERN = NO;
				INFOPLIST_FILE = Info.plist;
				INSTALL_PATH = "$(HOME)/Applications";
				OTHER_LDFLAGS = "\"$(CINDER_PATH)/lib/libcinder_d.a\"";
				PRODUCT_NAME = Deffered_GBuffer;
				SYMROOT = ./build;
				WRAPPER_EXTENSION = app;
			};
			name = Debug;
		};
		C01FCF4C08A954540054247B /* Release */ = {
			isa = XCBuildConfiguration;
			buildSettings = {
				COMBINE_HIDPI_IMAGES = YES;
				DEAD_CODE_STRIPPING = YES;
				DEBUG_INFORMATION_FORMAT = "dwarf-with-dsym";
				GCC_FAST_MATH = YES;
				GCC_GENERATE_DEBUGGING_SYMBOLS = NO;
				GCC_INLINES_ARE_PRIVATE_EXTERN = YES;
				GCC_OPTIMIZATION_LEVEL = 3;
				GCC_PRECOMPILE_PREFIX_HEADER = YES;
				GCC_PREFIX_HEADER = Deffered_GBuffer_Prefix.pch;
				GCC_SYMBOLS_PRIVATE_EXTERN = NO;
				INFOPLIST_FILE = Info.plist;
				INSTALL_PATH = "$(HOME)/Applications";
				OTHER_LDFLAGS = "\"$(CINDER_PATH)/lib/libcinder.a\"";
				PRODUCT_NAME = Deffered_GBuffer;
				STRIP_INSTALLED_PRODUCT = YES;
				SYMROOT = ./build;
				WRAPPER_EXTENSION = app;
			};
			name = Release;
		};
		C01FCF4F08A954540054247B /* Debug */ = {
			isa = XCBuildConfiguration;
			buildSettings = {
				ALWAYS_SEARCH_USER_PATHS = NO;
				ARCHS = i386;
				CINDER_PATH = ../../../cinderGameEngine;
				CLANG_CXX_LANGUAGE_STANDARD = "c++0x";
				CLANG_CXX_LIBRARY = "libc++";
				GCC_WARN_ABOUT_RETURN_TYPE = YES;
				GCC_WARN_UNUSED_VARIABLE = YES;
				HEADER_SEARCH_PATHS = "\"$(CINDER_PATH)/boost\"";
				MACOSX_DEPLOYMENT_TARGET = 10.7;
				SDKROOT = macosx;
				USER_HEADER_SEARCH_PATHS = "\"$(CINDER_PATH)/include\" ../include";
			};
			name = Debug;
		};
		C01FCF5008A954540054247B /* Release */ = {
			isa = XCBuildConfiguration;
			buildSettings = {
				ALWAYS_SEARCH_USER_PATHS = NO;
				ARCHS = i386;
				CINDER_PATH = ../../../cinderGameEngine;
				CLANG_CXX_LANGUAGE_STANDARD = "c++0x";
				CLANG_CXX_LIBRARY = "libc++";
				GCC_WARN_ABOUT_RETURN_TYPE = YES;
				GCC_WARN_UNUSED_VARIABLE = YES;
				HEADER_SEARCH_PATHS = "\"$(CINDER_PATH)/boost\"";
				MACOSX_DEPLOYMENT_TARGET = 10.7;
				SDKROOT = macosx;
				USER_HEADER_SEARCH_PATHS = "\"$(CINDER_PATH)/include\" ../include";
			};
			name = Release;
		};
/* End XCBuildConfiguration section */

/* Begin XCConfigurationList section */
		C01FCF4A08A954540054247B /* Build configuration list for PBXNativeTarget "Deffered_GBuffer" */ = {
			isa = XCConfigurationList;
			buildConfigurations = (
				C01FCF4B08A954540054247B /* Debug */,
				C01FCF4C08A954540054247B /* Release */,
			);
			defaultConfigurationIsVisible = 0;
			defaultConfigurationName = Release;
		};
		C01FCF4E08A954540054247B /* Build configuration list for PBXProject "Deffered_GBuffer" */ = {
			isa = XCConfigurationList;
			buildConfigurations = (
				C01FCF4F08A954540054247B /* Debug */,
				C01FCF5008A954540054247B /* Release */,
			);
			defaultConfigurationIsVisible = 0;
			defaultConfigurationName = Release;
		};
/* End XCConfigurationList section */
	};
	rootObject = 29B97313FDCFA39411CA2CEA /* Project object */;
}
